
Microsoft Visual Studio Solution File, Format Version 12.00
# Visual Studio Version 16
VisualStudioVersion = 16.0.30517.126
MinimumVisualStudioVersion = 10.0.40219.1
Project("{FAE04EC0-301F-11D3-BF4B-00C04F79EFBC}") = "BankBityNew", "BankBityNew\BankBityNew.csproj", "{D3623A7D-3358-4D0E-B0C7-A266C3FCEAE0}"
EndProject
Global
	GlobalSection(SolutionConfigurationPlatforms) = preSolution
		Debug|Any CPU = Debug|Any CPU
		Release|Any CPU = Release|Any CPU
	EndGlobalSection
	GlobalSection(ProjectConfigurationPlatforms) = postSolution
		{D3623A7D-3358-4D0E-B0C7-A266C3FCEAE0}.Debug|Any CPU.ActiveCfg = Debug|Any CPU
		{D3623A7D-3358-4D0E-B0C7-A266C3FCEAE0}.Debug|Any CPU.Build.0 = Debug|Any CPU
		{D3623A7D-3358-4D0E-B0C7-A266C3FCEAE0}.Release|Any CPU.ActiveCfg = Release|Any CPU
		{D3623A7D-3358-4D0E-B0C7-A266C3FCEAE0}.Release|Any CPU.Build.0 = Release|Any CPU
	EndGlobalSection
	GlobalSection(SolutionProperties) = preSolution
		HideSolutionNode = FALSE
	EndGlobalSection
	GlobalSection(ExtensibilityGlobals) = postSolution
		SolutionGuid = {FA790C63-DF0B-49E1-A9B6-4F68AD26A56E}
	EndGlobalSection
EndGlobal
