
Microsoft Visual Studio Solution File, Format Version 12.00
# Visual Studio Version 16
VisualStudioVersion = 16.0.30621.155
MinimumVisualStudioVersion = 10.0.40219.1
Project("{FAE04EC0-301F-11D3-BF4B-00C04F79EFBC}") = "TesteException201112", "TesteException201112\TesteException201112.csproj", "{7F5A4CEA-4A67-4833-BD45-03CD2A47D70C}"
EndProject
Global
	GlobalSection(SolutionConfigurationPlatforms) = preSolution
		Debug|Any CPU = Debug|Any CPU
		Release|Any CPU = Release|Any CPU
	EndGlobalSection
	GlobalSection(ProjectConfigurationPlatforms) = postSolution
		{7F5A4CEA-4A67-4833-BD45-03CD2A47D70C}.Debug|Any CPU.ActiveCfg = Debug|Any CPU
		{7F5A4CEA-4A67-4833-BD45-03CD2A47D70C}.Debug|Any CPU.Build.0 = Debug|Any CPU
		{7F5A4CEA-4A67-4833-BD45-03CD2A47D70C}.Release|Any CPU.ActiveCfg = Release|Any CPU
		{7F5A4CEA-4A67-4833-BD45-03CD2A47D70C}.Release|Any CPU.Build.0 = Release|Any CPU
	EndGlobalSection
	GlobalSection(SolutionProperties) = preSolution
		HideSolutionNode = FALSE
	EndGlobalSection
	GlobalSection(ExtensibilityGlobals) = postSolution
		SolutionGuid = {2A05A9B1-7C02-40B5-B68C-B153C3C5FDE1}
	EndGlobalSection
EndGlobal
