
Microsoft Visual Studio Solution File, Format Version 12.00
# Visual Studio Version 16
VisualStudioVersion = 16.0.30621.155
MinimumVisualStudioVersion = 10.0.40219.1
Project("{FAE04EC0-301F-11D3-BF4B-00C04F79EFBC}") = "InterfaceTestes2", "InterfaceTestes2\InterfaceTestes2.csproj", "{2E2A846B-2BF1-4C08-A751-476FBF96D491}"
EndProject
Global
	GlobalSection(SolutionConfigurationPlatforms) = preSolution
		Debug|Any CPU = Debug|Any CPU
		Release|Any CPU = Release|Any CPU
	EndGlobalSection
	GlobalSection(ProjectConfigurationPlatforms) = postSolution
		{2E2A846B-2BF1-4C08-A751-476FBF96D491}.Debug|Any CPU.ActiveCfg = Debug|Any CPU
		{2E2A846B-2BF1-4C08-A751-476FBF96D491}.Debug|Any CPU.Build.0 = Debug|Any CPU
		{2E2A846B-2BF1-4C08-A751-476FBF96D491}.Release|Any CPU.ActiveCfg = Release|Any CPU
		{2E2A846B-2BF1-4C08-A751-476FBF96D491}.Release|Any CPU.Build.0 = Release|Any CPU
	EndGlobalSection
	GlobalSection(SolutionProperties) = preSolution
		HideSolutionNode = FALSE
	EndGlobalSection
	GlobalSection(ExtensibilityGlobals) = postSolution
		SolutionGuid = {548CF4B1-F7B9-4012-B200-3F6923D7DFF7}
	EndGlobalSection
EndGlobal
