
Microsoft Visual Studio Solution File, Format Version 12.00
# Visual Studio Version 16
VisualStudioVersion = 16.0.30330.147
MinimumVisualStudioVersion = 10.0.40219.1
Project("{FAE04EC0-301F-11D3-BF4B-00C04F79EFBC}") = "ListaFuncionarios", "ListaFuncionarios\ListaFuncionarios.csproj", "{1E441599-2074-40F2-9704-2BEBF7EF889F}"
EndProject
Global
	GlobalSection(SolutionConfigurationPlatforms) = preSolution
		Debug|Any CPU = Debug|Any CPU
		Release|Any CPU = Release|Any CPU
	EndGlobalSection
	GlobalSection(ProjectConfigurationPlatforms) = postSolution
		{1E441599-2074-40F2-9704-2BEBF7EF889F}.Debug|Any CPU.ActiveCfg = Debug|Any CPU
		{1E441599-2074-40F2-9704-2BEBF7EF889F}.Debug|Any CPU.Build.0 = Debug|Any CPU
		{1E441599-2074-40F2-9704-2BEBF7EF889F}.Release|Any CPU.ActiveCfg = Release|Any CPU
		{1E441599-2074-40F2-9704-2BEBF7EF889F}.Release|Any CPU.Build.0 = Release|Any CPU
	EndGlobalSection
	GlobalSection(SolutionProperties) = preSolution
		HideSolutionNode = FALSE
	EndGlobalSection
	GlobalSection(ExtensibilityGlobals) = postSolution
		SolutionGuid = {BD93957D-9C98-4D85-9D4B-BA75902B2CB0}
	EndGlobalSection
EndGlobal
