
Microsoft Visual Studio Solution File, Format Version 12.00
# Visual Studio Version 16
VisualStudioVersion = 16.0.30717.126
MinimumVisualStudioVersion = 10.0.40219.1
Project("{FAE04EC0-301F-11D3-BF4B-00C04F79EFBC}") = "BeginCore3", "BeginCore3\BeginCore3.csproj", "{A907E2AB-AA51-4FD9-9DE4-BDA99684E68F}"
EndProject
Global
	GlobalSection(SolutionConfigurationPlatforms) = preSolution
		Debug|Any CPU = Debug|Any CPU
		Release|Any CPU = Release|Any CPU
	EndGlobalSection
	GlobalSection(ProjectConfigurationPlatforms) = postSolution
		{A907E2AB-AA51-4FD9-9DE4-BDA99684E68F}.Debug|Any CPU.ActiveCfg = Debug|Any CPU
		{A907E2AB-AA51-4FD9-9DE4-BDA99684E68F}.Debug|Any CPU.Build.0 = Debug|Any CPU
		{A907E2AB-AA51-4FD9-9DE4-BDA99684E68F}.Release|Any CPU.ActiveCfg = Release|Any CPU
		{A907E2AB-AA51-4FD9-9DE4-BDA99684E68F}.Release|Any CPU.Build.0 = Release|Any CPU
	EndGlobalSection
	GlobalSection(SolutionProperties) = preSolution
		HideSolutionNode = FALSE
	EndGlobalSection
	GlobalSection(ExtensibilityGlobals) = postSolution
		SolutionGuid = {D1869E9D-1D3A-4D97-A481-1CAA1B04B81D}
	EndGlobalSection
EndGlobal
