
Microsoft Visual Studio Solution File, Format Version 12.00
# Visual Studio Version 16
VisualStudioVersion = 16.0.30517.126
MinimumVisualStudioVersion = 10.0.40219.1
Project("{FAE04EC0-301F-11D3-BF4B-00C04F79EFBC}") = "WorkingTextsAndCharacter", "WorkingTextsAndCharacter\WorkingTextsAndCharacter.csproj", "{05CAB75F-E276-42AC-A741-AC598D456D05}"
EndProject
Project("{FAE04EC0-301F-11D3-BF4B-00C04F79EFBC}") = "TesteVariable", "TesteVariable\TesteVariable.csproj", "{EE544C09-1C16-46FB-B277-155E03DD2426}"
EndProject
Global
	GlobalSection(SolutionConfigurationPlatforms) = preSolution
		Debug|Any CPU = Debug|Any CPU
		Release|Any CPU = Release|Any CPU
	EndGlobalSection
	GlobalSection(ProjectConfigurationPlatforms) = postSolution
		{05CAB75F-E276-42AC-A741-AC598D456D05}.Debug|Any CPU.ActiveCfg = Debug|Any CPU
		{05CAB75F-E276-42AC-A741-AC598D456D05}.Debug|Any CPU.Build.0 = Debug|Any CPU
		{05CAB75F-E276-42AC-A741-AC598D456D05}.Release|Any CPU.ActiveCfg = Release|Any CPU
		{05CAB75F-E276-42AC-A741-AC598D456D05}.Release|Any CPU.Build.0 = Release|Any CPU
		{EE544C09-1C16-46FB-B277-155E03DD2426}.Debug|Any CPU.ActiveCfg = Debug|Any CPU
		{EE544C09-1C16-46FB-B277-155E03DD2426}.Debug|Any CPU.Build.0 = Debug|Any CPU
		{EE544C09-1C16-46FB-B277-155E03DD2426}.Release|Any CPU.ActiveCfg = Release|Any CPU
		{EE544C09-1C16-46FB-B277-155E03DD2426}.Release|Any CPU.Build.0 = Release|Any CPU
	EndGlobalSection
	GlobalSection(SolutionProperties) = preSolution
		HideSolutionNode = FALSE
	EndGlobalSection
	GlobalSection(ExtensibilityGlobals) = postSolution
		SolutionGuid = {002032EB-DB49-4A89-8840-436A9E6DD0BE}
	EndGlobalSection
EndGlobal
