
Microsoft Visual Studio Solution File, Format Version 12.00
# Visual Studio Version 16
VisualStudioVersion = 16.0.30621.155
MinimumVisualStudioVersion = 10.0.40219.1
Project("{FAE04EC0-301F-11D3-BF4B-00C04F79EFBC}") = "TesteExcecao201111", "TesteExcecao201111\TesteExcecao201111.csproj", "{06DE67C6-0B5C-4A88-B988-32266B0EC4D9}"
EndProject
Global
	GlobalSection(SolutionConfigurationPlatforms) = preSolution
		Debug|Any CPU = Debug|Any CPU
		Release|Any CPU = Release|Any CPU
	EndGlobalSection
	GlobalSection(ProjectConfigurationPlatforms) = postSolution
		{06DE67C6-0B5C-4A88-B988-32266B0EC4D9}.Debug|Any CPU.ActiveCfg = Debug|Any CPU
		{06DE67C6-0B5C-4A88-B988-32266B0EC4D9}.Debug|Any CPU.Build.0 = Debug|Any CPU
		{06DE67C6-0B5C-4A88-B988-32266B0EC4D9}.Release|Any CPU.ActiveCfg = Release|Any CPU
		{06DE67C6-0B5C-4A88-B988-32266B0EC4D9}.Release|Any CPU.Build.0 = Release|Any CPU
	EndGlobalSection
	GlobalSection(SolutionProperties) = preSolution
		HideSolutionNode = FALSE
	EndGlobalSection
	GlobalSection(ExtensibilityGlobals) = postSolution
		SolutionGuid = {D3F6A044-A516-41B9-ADE6-434D5E37205F}
	EndGlobalSection
EndGlobal
