
Microsoft Visual Studio Solution File, Format Version 12.00
# Visual Studio Version 16
VisualStudioVersion = 16.0.30717.126
MinimumVisualStudioVersion = 10.0.40219.1
Project("{FAE04EC0-301F-11D3-BF4B-00C04F79EFBC}") = "Begin", "Begin\Begin.csproj", "{DAB55326-3928-43E0-94AF-3A90EAF2A2B7}"
EndProject
Global
	GlobalSection(SolutionConfigurationPlatforms) = preSolution
		Debug|Any CPU = Debug|Any CPU
		Release|Any CPU = Release|Any CPU
	EndGlobalSection
	GlobalSection(ProjectConfigurationPlatforms) = postSolution
		{DAB55326-3928-43E0-94AF-3A90EAF2A2B7}.Debug|Any CPU.ActiveCfg = Debug|Any CPU
		{DAB55326-3928-43E0-94AF-3A90EAF2A2B7}.Debug|Any CPU.Build.0 = Debug|Any CPU
		{DAB55326-3928-43E0-94AF-3A90EAF2A2B7}.Release|Any CPU.ActiveCfg = Release|Any CPU
		{DAB55326-3928-43E0-94AF-3A90EAF2A2B7}.Release|Any CPU.Build.0 = Release|Any CPU
	EndGlobalSection
	GlobalSection(SolutionProperties) = preSolution
		HideSolutionNode = FALSE
	EndGlobalSection
	GlobalSection(ExtensibilityGlobals) = postSolution
		SolutionGuid = {4A959452-1508-49E4-83F4-BC59225DBA97}
	EndGlobalSection
EndGlobal
