
Microsoft Visual Studio Solution File, Format Version 12.00
# Visual Studio Version 16
VisualStudioVersion = 16.0.30621.155
MinimumVisualStudioVersion = 10.0.40219.1
Project("{FAE04EC0-301F-11D3-BF4B-00C04F79EFBC}") = "TratarExcecoe", "TratarExcecoe\TratarExcecoe.csproj", "{EA7DC428-3746-4799-9674-E42A3CC20F6D}"
EndProject
Global
	GlobalSection(SolutionConfigurationPlatforms) = preSolution
		Debug|Any CPU = Debug|Any CPU
		Release|Any CPU = Release|Any CPU
	EndGlobalSection
	GlobalSection(ProjectConfigurationPlatforms) = postSolution
		{EA7DC428-3746-4799-9674-E42A3CC20F6D}.Debug|Any CPU.ActiveCfg = Debug|Any CPU
		{EA7DC428-3746-4799-9674-E42A3CC20F6D}.Debug|Any CPU.Build.0 = Debug|Any CPU
		{EA7DC428-3746-4799-9674-E42A3CC20F6D}.Release|Any CPU.ActiveCfg = Release|Any CPU
		{EA7DC428-3746-4799-9674-E42A3CC20F6D}.Release|Any CPU.Build.0 = Release|Any CPU
	EndGlobalSection
	GlobalSection(SolutionProperties) = preSolution
		HideSolutionNode = FALSE
	EndGlobalSection
	GlobalSection(ExtensibilityGlobals) = postSolution
		SolutionGuid = {7ACFF5A8-1420-49CE-8A60-BA97A7292BB4}
	EndGlobalSection
EndGlobal
